{
  "version": "5",
  "specifiers": {
    "jsr:@std/assert@*": "1.0.14",
    "jsr:@std/internal@^1.0.10": "1.0.10"
  },
  "jsr": {
    "@std/assert@1.0.14": {
      "integrity": "68d0d4a43b365abc927f45a9b85c639ea18a9fab96ad92281e493e4ed84abaa4",
      "dependencies": [
        "jsr:@std/internal"
      ]
    },
    "@std/internal@1.0.10": {
      "integrity": "e3be62ce42cab0e177c27698e5d9800122f67b766a0bea6ca4867886cbde8cf7"
    }
  },
  "workspace": {
    "packageJson": {
      "dependencies": [
        "npm:@jsonjoy.com/json-pack@^1.11.0",
        "npm:@jsonjoy.com/util@^1.9.0",
        "npm:@semantic-release/changelog@^6.0.1",
        "npm:@semantic-release/git@^10.0.1",
        "npm:@semantic-release/npm@^9.0.1",
        "npm:@types/deno@^2.3.0",
        "npm:@types/jest@29",
        "npm:@types/mime@3",
        "npm:@types/node@^10.17.60",
        "npm:app-root-path@^3.1.0",
        "npm:assert@2",
        "npm:buffer@^6.0.3",
        "npm:glob-to-regex.js@^1.0.1",
        "npm:html-webpack-plugin@^5.5.3",
        "npm:husky@^8.0.1",
        "npm:isomorphic-git@^1.24.2",
        "npm:jest@29",
        "npm:path-browserify@^1.0.1",
        "npm:prettier@3",
        "npm:process@~0.11.10",
        "npm:readable-stream@^4.4.0",
        "npm:rimraf@5",
        "npm:semantic-release@^19.0.3",
        "npm:tar-stream@^3.1.2",
        "npm:thingies@^2.5.0",
        "npm:tree-dump@^1.0.3",
        "npm:ts-jest@^29.1.0",
        "npm:ts-loader@^9.4.3",
        "npm:ts-node@^10.9.1",
        "npm:tslib@2",
        "npm:tslint-config-common@^1.6.2",
        "npm:tslint@^6.1.3",
        "npm:typescript@^5.1.3",
        "npm:url@~0.11.1",
        "npm:util@~0.12.5",
        "npm:webpack-cli@^5.1.4",
        "npm:webpack-dev-server@^4.15.1",
        "npm:webpack@^5.87.0"
      ]
    }
  }
}
